
Microsoft Visual Studio Solution File, Format Version 12.00
# Visual Studio Version 16
VisualStudioVersion = 16.0.32428.217
MinimumVisualStudioVersion = 10.0.40219.1
Project("{9A19103F-16F7-4668-BE54-9A1E7A4F7556}") = "MyHomeGroup_VillaApi", "MyHomeGroup_VillaApi\MyHomeGroup_VillaApi.csproj", "{BB6698E0-E3E8-420D-BD17-FD37ADC1D60C}"
EndProject
Global
	GlobalSection(SolutionConfigurationPlatforms) = preSolution
		Debug|Any CPU = Debug|Any CPU
		Release|Any CPU = Release|Any CPU
	EndGlobalSection
	GlobalSection(ProjectConfigurationPlatforms) = postSolution
		{BB6698E0-E3E8-420D-BD17-FD37ADC1D60C}.Debug|Any CPU.ActiveCfg = Debug|Any CPU
		{BB6698E0-E3E8-420D-BD17-FD37ADC1D60C}.Debug|Any CPU.Build.0 = Debug|Any CPU
		{BB6698E0-E3E8-420D-BD17-FD37ADC1D60C}.Release|Any CPU.ActiveCfg = Release|Any CPU
		{BB6698E0-E3E8-420D-BD17-FD37ADC1D60C}.Release|Any CPU.Build.0 = Release|Any CPU
	EndGlobalSection
	GlobalSection(SolutionProperties) = preSolution
		HideSolutionNode = FALSE
	EndGlobalSection
	GlobalSection(ExtensibilityGlobals) = postSolution
		SolutionGuid = {E2075BA4-6285-45B8-85EC-5BBB971AA317}
	EndGlobalSection
EndGlobal
